// !$*UTF8*$!
{
	archiveVersion = 1;
	classes = {
	};
	objectVersion = 56;
	objects = {

/* Begin PBXBuildFile section */
		A10001 /* ClaudeNotchApp.swift in Sources */ = {isa = PBXBuildFile; fileRef = B10001; };
		A10002 /* AppState.swift in Sources */ = {isa = PBXBuildFile; fileRef = B10002; };
		A10003 /* HookEvent.swift in Sources */ = {isa = PBXBuildFile; fileRef = B10003; };
		A10004 /* Session.swift in Sources */ = {isa = PBXBuildFile; fileRef = B10004; };
		A10005 /* HookServer.swift in Sources */ = {isa = PBXBuildFile; fileRef = B10005; };
		A10006 /* HTTPParser.swift in Sources */ = {isa = PBXBuildFile; fileRef = B10006; };
		A10007 /* SessionManager.swift in Sources */ = {isa = PBXBuildFile; fileRef = B10007; };
		A10008 /* SleepManager.swift in Sources */ = {isa = PBXBuildFile; fileRef = B10008; };
		A10009 /* NotificationManager.swift in Sources */ = {isa = PBXBuildFile; fileRef = B10009; };
		A10010 /* NotchOverlay.swift in Sources */ = {isa = PBXBuildFile; fileRef = B10010; };
		A10011 /* MenuBarView.swift in Sources */ = {isa = PBXBuildFile; fileRef = B10011; };
		A10012 /* SettingsView.swift in Sources */ = {isa = PBXBuildFile; fileRef = B10012; };
		A10013 /* OnboardingView.swift in Sources */ = {isa = PBXBuildFile; fileRef = B10013; };
		A10014 /* NotchWindow.swift in Sources */ = {isa = PBXBuildFile; fileRef = B10014; };
		A10015 /* Constants.swift in Sources */ = {isa = PBXBuildFile; fileRef = B10015; };
		A10016 /* Assets.xcassets in Resources */ = {isa = PBXBuildFile; fileRef = B10016; };
		A10017 /* ProcessScanner.swift in Sources */ = {isa = PBXBuildFile; fileRef = B10019; };
		A10018 /* TerminalActivator.swift in Sources */ = {isa = PBXBuildFile; fileRef = B10020; };
/* End PBXBuildFile section */

/* Begin PBXFileReference section */
		B10001 /* ClaudeNotchApp.swift */ = {isa = PBXFileReference; lastKnownFileType = sourcecode.swift; path = ClaudeNotchApp.swift; sourceTree = "<group>"; };
		B10002 /* AppState.swift */ = {isa = PBXFileReference; lastKnownFileType = sourcecode.swift; path = AppState.swift; sourceTree = "<group>"; };
		B10003 /* HookEvent.swift */ = {isa = PBXFileReference; lastKnownFileType = sourcecode.swift; path = HookEvent.swift; sourceTree = "<group>"; };
		B10004 /* Session.swift */ = {isa = PBXFileReference; lastKnownFileType = sourcecode.swift; path = Session.swift; sourceTree = "<group>"; };
		B10005 /* HookServer.swift */ = {isa = PBXFileReference; lastKnownFileType = sourcecode.swift; path = HookServer.swift; sourceTree = "<group>"; };
		B10006 /* HTTPParser.swift */ = {isa = PBXFileReference; lastKnownFileType = sourcecode.swift; path = HTTPParser.swift; sourceTree = "<group>"; };
		B10007 /* SessionManager.swift */ = {isa = PBXFileReference; lastKnownFileType = sourcecode.swift; path = SessionManager.swift; sourceTree = "<group>"; };
		B10008 /* SleepManager.swift */ = {isa = PBXFileReference; lastKnownFileType = sourcecode.swift; path = SleepManager.swift; sourceTree = "<group>"; };
		B10009 /* NotificationManager.swift */ = {isa = PBXFileReference; lastKnownFileType = sourcecode.swift; path = NotificationManager.swift; sourceTree = "<group>"; };
		B10010 /* NotchOverlay.swift */ = {isa = PBXFileReference; lastKnownFileType = sourcecode.swift; path = NotchOverlay.swift; sourceTree = "<group>"; };
		B10011 /* MenuBarView.swift */ = {isa = PBXFileReference; lastKnownFileType = sourcecode.swift; path = MenuBarView.swift; sourceTree = "<group>"; };
		B10012 /* SettingsView.swift */ = {isa = PBXFileReference; lastKnownFileType = sourcecode.swift; path = SettingsView.swift; sourceTree = "<group>"; };
		B10013 /* OnboardingView.swift */ = {isa = PBXFileReference; lastKnownFileType = sourcecode.swift; path = OnboardingView.swift; sourceTree = "<group>"; };
		B10014 /* NotchWindow.swift */ = {isa = PBXFileReference; lastKnownFileType = sourcecode.swift; path = NotchWindow.swift; sourceTree = "<group>"; };
		B10015 /* Constants.swift */ = {isa = PBXFileReference; lastKnownFileType = sourcecode.swift; path = Constants.swift; sourceTree = "<group>"; };
		B10016 /* Assets.xcassets */ = {isa = PBXFileReference; lastKnownFileType = folder.assetcatalog; path = Assets.xcassets; sourceTree = "<group>"; };
		B10017 /* Info.plist */ = {isa = PBXFileReference; lastKnownFileType = text.plist.xml; path = Info.plist; sourceTree = "<group>"; };
		B10018 /* ClaudeNotch.entitlements */ = {isa = PBXFileReference; lastKnownFileType = text.plist.entitlements; path = ClaudeNotch.entitlements; sourceTree = "<group>"; };
		B10019 /* ProcessScanner.swift */ = {isa = PBXFileReference; lastKnownFileType = sourcecode.swift; path = ProcessScanner.swift; sourceTree = "<group>"; };
		B10020 /* TerminalActivator.swift */ = {isa = PBXFileReference; lastKnownFileType = sourcecode.swift; path = TerminalActivator.swift; sourceTree = "<group>"; };
		P10001 /* ClaudeNotch.app */ = {isa = PBXFileReference; explicitFileType = wrapper.application; includeInIndex = 0; path = ClaudeNotch.app; sourceTree = BUILT_PRODUCTS_DIR; };
/* End PBXFileReference section */

/* Begin PBXFrameworksBuildPhase section */
		F10001 /* Frameworks */ = {
			isa = PBXFrameworksBuildPhase;
			buildActionMask = 2147483647;
			files = (
			);
			runOnlyForDeploymentPostprocessing = 0;
		};
/* End PBXFrameworksBuildPhase section */

/* Begin PBXGroup section */
		G10001 /* Root */ = {
			isa = PBXGroup;
			children = (
				G10002 /* ClaudeNotch */,
				G10009 /* Products */,
			);
			sourceTree = "<group>";
		};
		G10002 /* ClaudeNotch */ = {
			isa = PBXGroup;
			children = (
				G10003 /* App */,
				G10004 /* Models */,
				G10005 /* Server */,
				G10006 /* Services */,
				G10007 /* Views */,
				G10008 /* Utilities */,
				G10010 /* Resources */,
				B10018 /* ClaudeNotch.entitlements */,
			);
			path = ClaudeNotch;
			sourceTree = "<group>";
		};
		G10003 /* App */ = {
			isa = PBXGroup;
			children = (
				B10001 /* ClaudeNotchApp.swift */,
				B10002 /* AppState.swift */,
			);
			path = App;
			sourceTree = "<group>";
		};
		G10004 /* Models */ = {
			isa = PBXGroup;
			children = (
				B10003 /* HookEvent.swift */,
				B10004 /* Session.swift */,
			);
			path = Models;
			sourceTree = "<group>";
		};
		G10005 /* Server */ = {
			isa = PBXGroup;
			children = (
				B10005 /* HookServer.swift */,
				B10006 /* HTTPParser.swift */,
			);
			path = Server;
			sourceTree = "<group>";
		};
		G10006 /* Services */ = {
			isa = PBXGroup;
			children = (
				B10007 /* SessionManager.swift */,
				B10008 /* SleepManager.swift */,
				B10009 /* NotificationManager.swift */,
				B10019 /* ProcessScanner.swift */,
				B10020 /* TerminalActivator.swift */,
			);
			path = Services;
			sourceTree = "<group>";
		};
		G10007 /* Views */ = {
			isa = PBXGroup;
			children = (
				B10010 /* NotchOverlay.swift */,
				B10011 /* MenuBarView.swift */,
				B10012 /* SettingsView.swift */,
				B10013 /* OnboardingView.swift */,
			);
			path = Views;
			sourceTree = "<group>";
		};
		G10008 /* Utilities */ = {
			isa = PBXGroup;
			children = (
				B10014 /* NotchWindow.swift */,
				B10015 /* Constants.swift */,
			);
			path = Utilities;
			sourceTree = "<group>";
		};
		G10009 /* Products */ = {
			isa = PBXGroup;
			children = (
				P10001 /* ClaudeNotch.app */,
			);
			name = Products;
			sourceTree = "<group>";
		};
		G10010 /* Resources */ = {
			isa = PBXGroup;
			children = (
				B10016 /* Assets.xcassets */,
				B10017 /* Info.plist */,
			);
			path = Resources;
			sourceTree = "<group>";
		};
/* End PBXGroup section */

/* Begin PBXNativeTarget section */
		T10001 /* ClaudeNotch */ = {
			isa = PBXNativeTarget;
			buildConfigurationList = C10003;
			buildPhases = (
				S10001 /* Sources */,
				F10001 /* Frameworks */,
				R10001 /* Resources */,
			);
			buildRules = (
			);
			dependencies = (
			);
			name = ClaudeNotch;
			productName = ClaudeNotch;
			productReference = P10001 /* ClaudeNotch.app */;
			productType = "com.apple.product-type.application";
		};
/* End PBXNativeTarget section */

/* Begin PBXProject section */
		PR1001 /* Project object */ = {
			isa = PBXProject;
			attributes = {
				BuildIndependentTargetsInParallel = 1;
				LastSwiftUpdateCheck = 1540;
				LastUpgradeCheck = 1540;
				TargetAttributes = {
					T10001 = {
						CreatedOnToolsVersion = 15.4;
					};
				};
			};
			buildConfigurationList = C10001;
			compatibilityVersion = "Xcode 14.0";
			developmentRegion = en;
			hasScannedForEncodings = 0;
			knownRegions = (
				en,
				Base,
			);
			mainGroup = G10001;
			productRefGroup = G10009 /* Products */;
			projectDirPath = "";
			projectRoot = "";
			targets = (
				T10001 /* ClaudeNotch */,
			);
		};
/* End PBXProject section */

/* Begin PBXResourcesBuildPhase section */
		R10001 /* Resources */ = {
			isa = PBXResourcesBuildPhase;
			buildActionMask = 2147483647;
			files = (
				A10016 /* Assets.xcassets in Resources */,
			);
			runOnlyForDeploymentPostprocessing = 0;
		};
/* End PBXResourcesBuildPhase section */

/* Begin PBXSourcesBuildPhase section */
		S10001 /* Sources */ = {
			isa = PBXSourcesBuildPhase;
			buildActionMask = 2147483647;
			files = (
				A10001 /* ClaudeNotchApp.swift in Sources */,
				A10002 /* AppState.swift in Sources */,
				A10003 /* HookEvent.swift in Sources */,
				A10004 /* Session.swift in Sources */,
				A10005 /* HookServer.swift in Sources */,
				A10006 /* HTTPParser.swift in Sources */,
				A10007 /* SessionManager.swift in Sources */,
				A10008 /* SleepManager.swift in Sources */,
				A10009 /* NotificationManager.swift in Sources */,
				A10010 /* NotchOverlay.swift in Sources */,
				A10011 /* MenuBarView.swift in Sources */,
				A10012 /* SettingsView.swift in Sources */,
				A10013 /* OnboardingView.swift in Sources */,
				A10014 /* NotchWindow.swift in Sources */,
				A10015 /* Constants.swift in Sources */,
				A10017 /* ProcessScanner.swift in Sources */,
				A10018 /* TerminalActivator.swift in Sources */,
			);
			runOnlyForDeploymentPostprocessing = 0;
		};
/* End PBXSourcesBuildPhase section */

/* Begin XCBuildConfiguration section */
		C10D01 /* Debug */ = {
			isa = XCBuildConfiguration;
			buildSettings = {
				ALWAYS_SEARCH_USER_PATHS = NO;
				ASSETCATALOG_COMPILER_GENERATE_SWIFT_ASSET_SYMBOL_EXTENSIONS = YES;
				CLANG_ANALYZER_NONNULL = YES;
				CLANG_CXX_LANGUAGE_STANDARD = "gnu++20";
				CLANG_ENABLE_MODULES = YES;
				CLANG_ENABLE_OBJC_ARC = YES;
				COPY_PHASE_STRIP = NO;
				DEBUG_INFORMATION_FORMAT = dwarf;
				ENABLE_STRICT_OBJC_MSGSEND = YES;
				ENABLE_TESTABILITY = YES;
				GCC_DYNAMIC_NO_PIC = NO;
				GCC_NO_COMMON_BLOCKS = YES;
				GCC_OPTIMIZATION_LEVEL = 0;
				GCC_PREPROCESSOR_DEFINITIONS = (
					"DEBUG=1",
					"$(inherited)",
				);
				GCC_WARN_ABOUT_RETURN_TYPE = YES_ERROR;
				GCC_WARN_UNINITIALIZED_AUTOS = YES_AGGRESSIVE;
				MACOSX_DEPLOYMENT_TARGET = 14.0;
				MTL_ENABLE_DEBUG_INFO = INCLUDE_SOURCE;
				MTL_FAST_MATH = YES;
				ONLY_ACTIVE_ARCH = YES;
				SDKROOT = macosx;
				SWIFT_ACTIVE_COMPILATION_CONDITIONS = "DEBUG $(inherited)";
				SWIFT_OPTIMIZATION_LEVEL = "-Onone";
			};
			name = Debug;
		};
		C10R01 /* Release */ = {
			isa = XCBuildConfiguration;
			buildSettings = {
				ALWAYS_SEARCH_USER_PATHS = NO;
				ASSETCATALOG_COMPILER_GENERATE_SWIFT_ASSET_SYMBOL_EXTENSIONS = YES;
				CLANG_ANALYZER_NONNULL = YES;
				CLANG_CXX_LANGUAGE_STANDARD = "gnu++20";
				CLANG_ENABLE_MODULES = YES;
				CLANG_ENABLE_OBJC_ARC = YES;
				COPY_PHASE_STRIP = NO;
				DEBUG_INFORMATION_FORMAT = "dwarf-with-dsym";
				ENABLE_NS_ASSERTIONS = NO;
				ENABLE_STRICT_OBJC_MSGSEND = YES;
				GCC_NO_COMMON_BLOCKS = YES;
				GCC_WARN_ABOUT_RETURN_TYPE = YES_ERROR;
				GCC_WARN_UNINITIALIZED_AUTOS = YES_AGGRESSIVE;
				MACOSX_DEPLOYMENT_TARGET = 14.0;
				MTL_ENABLE_DEBUG_INFO = NO;
				MTL_FAST_MATH = YES;
				SDKROOT = macosx;
				SWIFT_COMPILATION_MODE = wholemodule;
			};
			name = Release;
		};
		C10D02 /* Debug */ = {
			isa = XCBuildConfiguration;
			buildSettings = {
				ASSETCATALOG_COMPILER_APPICON_NAME = AppIcon;
				CODE_SIGN_ENTITLEMENTS = ClaudeNotch/ClaudeNotch.entitlements;
				CODE_SIGN_STYLE = Automatic;
				COMBINE_HIDPI_IMAGES = YES;
				CURRENT_PROJECT_VERSION = 1;
				GENERATE_INFOPLIST_FILE = YES;
				INFOPLIST_FILE = ClaudeNotch/Resources/Info.plist;
				INFOPLIST_KEY_CFBundleDisplayName = "Claude Notch";
				INFOPLIST_KEY_LSApplicationCategoryType = "public.app-category.developer-tools";
				INFOPLIST_KEY_NSHumanReadableCopyright = "";
				LD_RUNPATH_SEARCH_PATHS = (
					"$(inherited)",
					"@executable_path/../Frameworks",
				);
				MARKETING_VERSION = 1.0;
				PRODUCT_BUNDLE_IDENTIFIER = com.claudenotch.app;
				PRODUCT_NAME = "$(TARGET_NAME)";
				SWIFT_EMIT_LOC_STRINGS = YES;
				SWIFT_VERSION = 5.0;
			};
			name = Debug;
		};
		C10R02 /* Release */ = {
			isa = XCBuildConfiguration;
			buildSettings = {
				ASSETCATALOG_COMPILER_APPICON_NAME = AppIcon;
				CODE_SIGN_ENTITLEMENTS = ClaudeNotch/ClaudeNotch.entitlements;
				CODE_SIGN_STYLE = Automatic;
				COMBINE_HIDPI_IMAGES = YES;
				CURRENT_PROJECT_VERSION = 1;
				GENERATE_INFOPLIST_FILE = YES;
				INFOPLIST_FILE = ClaudeNotch/Resources/Info.plist;
				INFOPLIST_KEY_CFBundleDisplayName = "Claude Notch";
				INFOPLIST_KEY_LSApplicationCategoryType = "public.app-category.developer-tools";
				INFOPLIST_KEY_NSHumanReadableCopyright = "";
				LD_RUNPATH_SEARCH_PATHS = (
					"$(inherited)",
					"@executable_path/../Frameworks",
				);
				MARKETING_VERSION = 1.0;
				PRODUCT_BUNDLE_IDENTIFIER = com.claudenotch.app;
				PRODUCT_NAME = "$(TARGET_NAME)";
				SWIFT_EMIT_LOC_STRINGS = YES;
				SWIFT_VERSION = 5.0;
			};
			name = Release;
		};
/* End XCBuildConfiguration section */

/* Begin XCConfigurationList section */
		C10001 /* Build configuration list for PBXProject */ = {
			isa = XCConfigurationList;
			buildConfigurations = (
				C10D01 /* Debug */,
				C10R01 /* Release */,
			);
			defaultConfigurationIsVisible = 0;
			defaultConfigurationName = Release;
		};
		C10003 /* Build configuration list for PBXNativeTarget */ = {
			isa = XCConfigurationList;
			buildConfigurations = (
				C10D02 /* Debug */,
				C10R02 /* Release */,
			);
			defaultConfigurationIsVisible = 0;
			defaultConfigurationName = Release;
		};
/* End XCConfigurationList section */

	};
	rootObject = PR1001 /* Project object */;
}
